
Microsoft Visual Studio Solution File, Format Version 12.00
# Visual Studio 15
VisualStudioVersion = 15.0.27428.2015
MinimumVisualStudioVersion = 10.0.40219.1
Project("{8BC9CEB8-8B4A-11D0-8D11-00A0C91BC942}") = "mySQL", "mySQL\mySQL.vcxproj", "{40185892-1D6F-447C-A95C-4E4F074FFAC5}"
EndProject
Global
	GlobalSection(SolutionConfigurationPlatforms) = preSolution
		Debug|x64 = Debug|x64
		Debug|x86 = Debug|x86
		Release|x64 = Release|x64
		Release|x86 = Release|x86
	EndGlobalSection
	GlobalSection(ProjectConfigurationPlatforms) = postSolution
		{40185892-1D6F-447C-A95C-4E4F074FFAC5}.Debug|x64.ActiveCfg = Debug|x64
		{40185892-1D6F-447C-A95C-4E4F074FFAC5}.Debug|x64.Build.0 = Debug|x64
		{40185892-1D6F-447C-A95C-4E4F074FFAC5}.Debug|x86.ActiveCfg = Debug|Win32
		{40185892-1D6F-447C-A95C-4E4F074FFAC5}.Debug|x86.Build.0 = Debug|Win32
		{40185892-1D6F-447C-A95C-4E4F074FFAC5}.Release|x64.ActiveCfg = Release|x64
		{40185892-1D6F-447C-A95C-4E4F074FFAC5}.Release|x64.Build.0 = Release|x64
		{40185892-1D6F-447C-A95C-4E4F074FFAC5}.Release|x86.ActiveCfg = Release|Win32
		{40185892-1D6F-447C-A95C-4E4F074FFAC5}.Release|x86.Build.0 = Release|Win32
	EndGlobalSection
	GlobalSection(SolutionProperties) = preSolution
		HideSolutionNode = FALSE
	EndGlobalSection
	GlobalSection(ExtensibilityGlobals) = postSolution
		SolutionGuid = {C2AC1652-6BFB-4D98-BF28-74796581D45E}
	EndGlobalSection
EndGlobal
